
Microsoft Visual Studio Solution File, Format Version 12.00
# Visual Studio 14
VisualStudioVersion = 14.0.25420.1
MinimumVisualStudioVersion = 10.0.40219.1
Project("{FAE04EC0-301F-11D3-BF4B-00C04F79EFBC}") = "01. Centuries to Minutes", "01. Centuries to Minutes\01. Centuries to Minutes.csproj", "{D877F334-90B0-4D01-B050-FCC682C32404}"
EndProject
Global
	GlobalSection(SolutionConfigurationPlatforms) = preSolution
		Debug|Any CPU = Debug|Any CPU
		Release|Any CPU = Release|Any CPU
	EndGlobalSection
	GlobalSection(ProjectConfigurationPlatforms) = postSolution
		{D877F334-90B0-4D01-B050-FCC682C32404}.Debug|Any CPU.ActiveCfg = Debug|Any CPU
		{D877F334-90B0-4D01-B050-FCC682C32404}.Debug|Any CPU.Build.0 = Debug|Any CPU
		{D877F334-90B0-4D01-B050-FCC682C32404}.Release|Any CPU.ActiveCfg = Release|Any CPU
		{D877F334-90B0-4D01-B050-FCC682C32404}.Release|Any CPU.Build.0 = Release|Any CPU
	EndGlobalSection
	GlobalSection(SolutionProperties) = preSolution
		HideSolutionNode = FALSE
	EndGlobalSection
EndGlobal
