
Microsoft Visual Studio Solution File, Format Version 12.00
# Visual Studio 14
VisualStudioVersion = 14.0.25420.1
MinimumVisualStudioVersion = 10.0.40219.1
Project("{FAE04EC0-301F-11D3-BF4B-00C04F79EFBC}") = "03. Word Count", "03. Word Count\03. Word Count.csproj", "{F2E9BEFB-C0AC-48F1-A278-1D6F812C17CB}"
EndProject
Global
	GlobalSection(SolutionConfigurationPlatforms) = preSolution
		Debug|Any CPU = Debug|Any CPU
		Release|Any CPU = Release|Any CPU
	EndGlobalSection
	GlobalSection(ProjectConfigurationPlatforms) = postSolution
		{F2E9BEFB-C0AC-48F1-A278-1D6F812C17CB}.Debug|Any CPU.ActiveCfg = Debug|Any CPU
		{F2E9BEFB-C0AC-48F1-A278-1D6F812C17CB}.Debug|Any CPU.Build.0 = Debug|Any CPU
		{F2E9BEFB-C0AC-48F1-A278-1D6F812C17CB}.Release|Any CPU.ActiveCfg = Release|Any CPU
		{F2E9BEFB-C0AC-48F1-A278-1D6F812C17CB}.Release|Any CPU.Build.0 = Release|Any CPU
	EndGlobalSection
	GlobalSection(SolutionProperties) = preSolution
		HideSolutionNode = FALSE
	EndGlobalSection
EndGlobal
