
Microsoft Visual Studio Solution File, Format Version 12.00
# Visual Studio 14
VisualStudioVersion = 14.0.25420.1
MinimumVisualStudioVersion = 10.0.40219.1
Project("{FAE04EC0-301F-11D3-BF4B-00C04F79EFBC}") = "01. 1. Count Working Days", "01. 1. Count Working Days\01. 1. Count Working Days.csproj", "{F9BB9272-02CC-491E-969D-F0122313E86A}"
EndProject
Global
	GlobalSection(SolutionConfigurationPlatforms) = preSolution
		Debug|Any CPU = Debug|Any CPU
		Release|Any CPU = Release|Any CPU
	EndGlobalSection
	GlobalSection(ProjectConfigurationPlatforms) = postSolution
		{F9BB9272-02CC-491E-969D-F0122313E86A}.Debug|Any CPU.ActiveCfg = Debug|Any CPU
		{F9BB9272-02CC-491E-969D-F0122313E86A}.Debug|Any CPU.Build.0 = Debug|Any CPU
		{F9BB9272-02CC-491E-969D-F0122313E86A}.Release|Any CPU.ActiveCfg = Release|Any CPU
		{F9BB9272-02CC-491E-969D-F0122313E86A}.Release|Any CPU.Build.0 = Release|Any CPU
	EndGlobalSection
	GlobalSection(SolutionProperties) = preSolution
		HideSolutionNode = FALSE
	EndGlobalSection
EndGlobal
