
Microsoft Visual Studio Solution File, Format Version 12.00
# Visual Studio 14
VisualStudioVersion = 14.0.25420.1
MinimumVisualStudioVersion = 10.0.40219.1
Project("{FAE04EC0-301F-11D3-BF4B-00C04F79EFBC}") = "01. Blank Receipt", "01. Blank Receipt\01. Blank Receipt.csproj", "{F083FA7D-943C-4831-BF19-8219F0D964BB}"
EndProject
Global
	GlobalSection(SolutionConfigurationPlatforms) = preSolution
		Debug|Any CPU = Debug|Any CPU
		Release|Any CPU = Release|Any CPU
	EndGlobalSection
	GlobalSection(ProjectConfigurationPlatforms) = postSolution
		{F083FA7D-943C-4831-BF19-8219F0D964BB}.Debug|Any CPU.ActiveCfg = Debug|Any CPU
		{F083FA7D-943C-4831-BF19-8219F0D964BB}.Debug|Any CPU.Build.0 = Debug|Any CPU
		{F083FA7D-943C-4831-BF19-8219F0D964BB}.Release|Any CPU.ActiveCfg = Release|Any CPU
		{F083FA7D-943C-4831-BF19-8219F0D964BB}.Release|Any CPU.Build.0 = Release|Any CPU
	EndGlobalSection
	GlobalSection(SolutionProperties) = preSolution
		HideSolutionNode = FALSE
	EndGlobalSection
EndGlobal
