
Microsoft Visual Studio Solution File, Format Version 12.00
# Visual Studio 14
VisualStudioVersion = 14.0.25420.1
MinimumVisualStudioVersion = 10.0.40219.1
Project("{FAE04EC0-301F-11D3-BF4B-00C04F79EFBC}") = "04. Sieve of Eratosthenes", "04. Sieve of Eratosthenes\04. Sieve of Eratosthenes.csproj", "{51199AF9-E14D-4CB9-AC99-3C45CFB8CEEE}"
EndProject
Global
	GlobalSection(SolutionConfigurationPlatforms) = preSolution
		Debug|Any CPU = Debug|Any CPU
		Release|Any CPU = Release|Any CPU
	EndGlobalSection
	GlobalSection(ProjectConfigurationPlatforms) = postSolution
		{51199AF9-E14D-4CB9-AC99-3C45CFB8CEEE}.Debug|Any CPU.ActiveCfg = Debug|Any CPU
		{51199AF9-E14D-4CB9-AC99-3C45CFB8CEEE}.Debug|Any CPU.Build.0 = Debug|Any CPU
		{51199AF9-E14D-4CB9-AC99-3C45CFB8CEEE}.Release|Any CPU.ActiveCfg = Release|Any CPU
		{51199AF9-E14D-4CB9-AC99-3C45CFB8CEEE}.Release|Any CPU.Build.0 = Release|Any CPU
	EndGlobalSection
	GlobalSection(SolutionProperties) = preSolution
		HideSolutionNode = FALSE
	EndGlobalSection
EndGlobal
